// !$*UTF8*$!
{
	archiveVersion = 1;
	classes = {
	};
	objectVersion = 50;
	objects = {

/* Begin PBXBuildFile section */
		75B732CB25D2D1B00096E2C3 /* CloudStickiesApp.swift in Sources */ = {isa = PBXBuildFile; fileRef = 75B732CA25D2D1B00096E2C3 /* CloudStickiesApp.swift */; };
		75B732CD25D2D1B00096E2C3 /* ContentView.swift in Sources */ = {isa = PBXBuildFile; fileRef = 75B732CC25D2D1B00096E2C3 /* ContentView.swift */; };
		75B732CF25D2D1B40096E2C3 /* Assets.xcassets in Resources */ = {isa = PBXBuildFile; fileRef = 75B732CE25D2D1B40096E2C3 /* Assets.xcassets */; };
		75B732D225D2D1B40096E2C3 /* Preview Assets.xcassets in Resources */ = {isa = PBXBuildFile; fileRef = 75B732D125D2D1B40096E2C3 /* Preview Assets.xcassets */; };
		75B732D425D2D1B40096E2C3 /* Persistence.swift in Sources */ = {isa = PBXBuildFile; fileRef = 75B732D325D2D1B40096E2C3 /* Persistence.swift */; };
		75B732D725D2D1B40096E2C3 /* CloudStickies.xcdatamodeld in Sources */ = {isa = PBXBuildFile; fileRef = 75B732D525D2D1B40096E2C3 /* CloudStickies.xcdatamodeld */; };
		75B732E325D2D1B50096E2C3 /* CloudStickiesTests.swift in Sources */ = {isa = PBXBuildFile; fileRef = 75B732E225D2D1B50096E2C3 /* CloudStickiesTests.swift */; };
		75B732EE25D2D1B50096E2C3 /* CloudStickiesUITests.swift in Sources */ = {isa = PBXBuildFile; fileRef = 75B732ED25D2D1B50096E2C3 /* CloudStickiesUITests.swift */; };
/* End PBXBuildFile section */

/* Begin PBXContainerItemProxy section */
		75B732DF25D2D1B50096E2C3 /* PBXContainerItemProxy */ = {
			isa = PBXContainerItemProxy;
			containerPortal = 75B732BF25D2D1B00096E2C3 /* Project object */;
			proxyType = 1;
			remoteGlobalIDString = 75B732C625D2D1B00096E2C3;
			remoteInfo = CloudStickies;
		};
		75B732EA25D2D1B50096E2C3 /* PBXContainerItemProxy */ = {
			isa = PBXContainerItemProxy;
			containerPortal = 75B732BF25D2D1B00096E2C3 /* Project object */;
			proxyType = 1;
			remoteGlobalIDString = 75B732C625D2D1B00096E2C3;
			remoteInfo = CloudStickies;
		};
/* End PBXContainerItemProxy section */

/* Begin PBXFileReference section */
		75B732C725D2D1B00096E2C3 /* CloudStickies.app */ = {isa = PBXFileReference; explicitFileType = wrapper.application; includeInIndex = 0; path = CloudStickies.app; sourceTree = BUILT_PRODUCTS_DIR; };
		75B732CA25D2D1B00096E2C3 /* CloudStickiesApp.swift */ = {isa = PBXFileReference; lastKnownFileType = sourcecode.swift; path = CloudStickiesApp.swift; sourceTree = "<group>"; };
		75B732CC25D2D1B00096E2C3 /* ContentView.swift */ = {isa = PBXFileReference; lastKnownFileType = sourcecode.swift; path = ContentView.swift; sourceTree = "<group>"; };
		75B732CE25D2D1B40096E2C3 /* Assets.xcassets */ = {isa = PBXFileReference; lastKnownFileType = folder.assetcatalog; path = Assets.xcassets; sourceTree = "<group>"; };
		75B732D125D2D1B40096E2C3 /* Preview Assets.xcassets */ = {isa = PBXFileReference; lastKnownFileType = folder.assetcatalog; path = "Preview Assets.xcassets"; sourceTree = "<group>"; };
		75B732D325D2D1B40096E2C3 /* Persistence.swift */ = {isa = PBXFileReference; lastKnownFileType = sourcecode.swift; path = Persistence.swift; sourceTree = "<group>"; };
		75B732D625D2D1B40096E2C3 /* CloudStickies.xcdatamodel */ = {isa = PBXFileReference; lastKnownFileType = wrapper.xcdatamodel; path = CloudStickies.xcdatamodel; sourceTree = "<group>"; };
		75B732D825D2D1B40096E2C3 /* Info.plist */ = {isa = PBXFileReference; lastKnownFileType = text.plist.xml; path = Info.plist; sourceTree = "<group>"; };
		75B732D925D2D1B40096E2C3 /* CloudStickies.entitlements */ = {isa = PBXFileReference; lastKnownFileType = text.plist.entitlements; path = CloudStickies.entitlements; sourceTree = "<group>"; };
		75B732DE25D2D1B50096E2C3 /* CloudStickiesTests.xctest */ = {isa = PBXFileReference; explicitFileType = wrapper.cfbundle; includeInIndex = 0; path = CloudStickiesTests.xctest; sourceTree = BUILT_PRODUCTS_DIR; };
		75B732E225D2D1B50096E2C3 /* CloudStickiesTests.swift */ = {isa = PBXFileReference; lastKnownFileType = sourcecode.swift; path = CloudStickiesTests.swift; sourceTree = "<group>"; };
		75B732E425D2D1B50096E2C3 /* Info.plist */ = {isa = PBXFileReference; lastKnownFileType = text.plist.xml; path = Info.plist; sourceTree = "<group>"; };
		75B732E925D2D1B50096E2C3 /* CloudStickiesUITests.xctest */ = {isa = PBXFileReference; explicitFileType = wrapper.cfbundle; includeInIndex = 0; path = CloudStickiesUITests.xctest; sourceTree = BUILT_PRODUCTS_DIR; };
		75B732ED25D2D1B50096E2C3 /* CloudStickiesUITests.swift */ = {isa = PBXFileReference; lastKnownFileType = sourcecode.swift; path = CloudStickiesUITests.swift; sourceTree = "<group>"; };
		75B732EF25D2D1B50096E2C3 /* Info.plist */ = {isa = PBXFileReference; lastKnownFileType = text.plist.xml; path = Info.plist; sourceTree = "<group>"; };
/* End PBXFileReference section */

/* Begin PBXFrameworksBuildPhase section */
		75B732C425D2D1B00096E2C3 /* Frameworks */ = {
			isa = PBXFrameworksBuildPhase;
			buildActionMask = 2147483647;
			files = (
			);
			runOnlyForDeploymentPostprocessing = 0;
		};
		75B732DB25D2D1B50096E2C3 /* Frameworks */ = {
			isa = PBXFrameworksBuildPhase;
			buildActionMask = 2147483647;
			files = (
			);
			runOnlyForDeploymentPostprocessing = 0;
		};
		75B732E625D2D1B50096E2C3 /* Frameworks */ = {
			isa = PBXFrameworksBuildPhase;
			buildActionMask = 2147483647;
			files = (
			);
			runOnlyForDeploymentPostprocessing = 0;
		};
/* End PBXFrameworksBuildPhase section */

/* Begin PBXGroup section */
		75B732BE25D2D1B00096E2C3 = {
			isa = PBXGroup;
			children = (
				75B732C925D2D1B00096E2C3 /* CloudStickies */,
				75B732E125D2D1B50096E2C3 /* CloudStickiesTests */,
				75B732EC25D2D1B50096E2C3 /* CloudStickiesUITests */,
				75B732C825D2D1B00096E2C3 /* Products */,
			);
			sourceTree = "<group>";
		};
		75B732C825D2D1B00096E2C3 /* Products */ = {
			isa = PBXGroup;
			children = (
				75B732C725D2D1B00096E2C3 /* CloudStickies.app */,
				75B732DE25D2D1B50096E2C3 /* CloudStickiesTests.xctest */,
				75B732E925D2D1B50096E2C3 /* CloudStickiesUITests.xctest */,
			);
			name = Products;
			sourceTree = "<group>";
		};
		75B732C925D2D1B00096E2C3 /* CloudStickies */ = {
			isa = PBXGroup;
			children = (
				75B732CA25D2D1B00096E2C3 /* CloudStickiesApp.swift */,
				75B732CC25D2D1B00096E2C3 /* ContentView.swift */,
				75B732CE25D2D1B40096E2C3 /* Assets.xcassets */,
				75B732D325D2D1B40096E2C3 /* Persistence.swift */,
				75B732D825D2D1B40096E2C3 /* Info.plist */,
				75B732D925D2D1B40096E2C3 /* CloudStickies.entitlements */,
				75B732D525D2D1B40096E2C3 /* CloudStickies.xcdatamodeld */,
				75B732D025D2D1B40096E2C3 /* Preview Content */,
			);
			path = CloudStickies;
			sourceTree = "<group>";
		};
		75B732D025D2D1B40096E2C3 /* Preview Content */ = {
			isa = PBXGroup;
			children = (
				75B732D125D2D1B40096E2C3 /* Preview Assets.xcassets */,
			);
			path = "Preview Content";
			sourceTree = "<group>";
		};
		75B732E125D2D1B50096E2C3 /* CloudStickiesTests */ = {
			isa = PBXGroup;
			children = (
				75B732E225D2D1B50096E2C3 /* CloudStickiesTests.swift */,
				75B732E425D2D1B50096E2C3 /* Info.plist */,
			);
			path = CloudStickiesTests;
			sourceTree = "<group>";
		};
		75B732EC25D2D1B50096E2C3 /* CloudStickiesUITests */ = {
			isa = PBXGroup;
			children = (
				75B732ED25D2D1B50096E2C3 /* CloudStickiesUITests.swift */,
				75B732EF25D2D1B50096E2C3 /* Info.plist */,
			);
			path = CloudStickiesUITests;
			sourceTree = "<group>";
		};
/* End PBXGroup section */

/* Begin PBXNativeTarget section */
		75B732C625D2D1B00096E2C3 /* CloudStickies */ = {
			isa = PBXNativeTarget;
			buildConfigurationList = 75B732F225D2D1B50096E2C3 /* Build configuration list for PBXNativeTarget "CloudStickies" */;
			buildPhases = (
				75B732C325D2D1B00096E2C3 /* Sources */,
				75B732C425D2D1B00096E2C3 /* Frameworks */,
				75B732C525D2D1B00096E2C3 /* Resources */,
			);
			buildRules = (
			);
			dependencies = (
			);
			name = CloudStickies;
			productName = CloudStickies;
			productReference = 75B732C725D2D1B00096E2C3 /* CloudStickies.app */;
			productType = "com.apple.product-type.application";
		};
		75B732DD25D2D1B50096E2C3 /* CloudStickiesTests */ = {
			isa = PBXNativeTarget;
			buildConfigurationList = 75B732F525D2D1B50096E2C3 /* Build configuration list for PBXNativeTarget "CloudStickiesTests" */;
			buildPhases = (
				75B732DA25D2D1B50096E2C3 /* Sources */,
				75B732DB25D2D1B50096E2C3 /* Frameworks */,
				75B732DC25D2D1B50096E2C3 /* Resources */,
			);
			buildRules = (
			);
			dependencies = (
				75B732E025D2D1B50096E2C3 /* PBXTargetDependency */,
			);
			name = CloudStickiesTests;
			productName = CloudStickiesTests;
			productReference = 75B732DE25D2D1B50096E2C3 /* CloudStickiesTests.xctest */;
			productType = "com.apple.product-type.bundle.unit-test";
		};
		75B732E825D2D1B50096E2C3 /* CloudStickiesUITests */ = {
			isa = PBXNativeTarget;
			buildConfigurationList = 75B732F825D2D1B50096E2C3 /* Build configuration list for PBXNativeTarget "CloudStickiesUITests" */;
			buildPhases = (
				75B732E525D2D1B50096E2C3 /* Sources */,
				75B732E625D2D1B50096E2C3 /* Frameworks */,
				75B732E725D2D1B50096E2C3 /* Resources */,
			);
			buildRules = (
			);
			dependencies = (
				75B732EB25D2D1B50096E2C3 /* PBXTargetDependency */,
			);
			name = CloudStickiesUITests;
			productName = CloudStickiesUITests;
			productReference = 75B732E925D2D1B50096E2C3 /* CloudStickiesUITests.xctest */;
			productType = "com.apple.product-type.bundle.ui-testing";
		};
/* End PBXNativeTarget section */

/* Begin PBXProject section */
		75B732BF25D2D1B00096E2C3 /* Project object */ = {
			isa = PBXProject;
			attributes = {
				LastSwiftUpdateCheck = 1230;
				LastUpgradeCheck = 1230;
				TargetAttributes = {
					75B732C625D2D1B00096E2C3 = {
						CreatedOnToolsVersion = 12.3;
					};
					75B732DD25D2D1B50096E2C3 = {
						CreatedOnToolsVersion = 12.3;
						TestTargetID = 75B732C625D2D1B00096E2C3;
					};
					75B732E825D2D1B50096E2C3 = {
						CreatedOnToolsVersion = 12.3;
						TestTargetID = 75B732C625D2D1B00096E2C3;
					};
				};
			};
			buildConfigurationList = 75B732C225D2D1B00096E2C3 /* Build configuration list for PBXProject "CloudStickies" */;
			compatibilityVersion = "Xcode 9.3";
			developmentRegion = en;
			hasScannedForEncodings = 0;
			knownRegions = (
				en,
				Base,
			);
			mainGroup = 75B732BE25D2D1B00096E2C3;
			productRefGroup = 75B732C825D2D1B00096E2C3 /* Products */;
			projectDirPath = "";
			projectRoot = "";
			targets = (
				75B732C625D2D1B00096E2C3 /* CloudStickies */,
				75B732DD25D2D1B50096E2C3 /* CloudStickiesTests */,
				75B732E825D2D1B50096E2C3 /* CloudStickiesUITests */,
			);
		};
/* End PBXProject section */

/* Begin PBXResourcesBuildPhase section */
		75B732C525D2D1B00096E2C3 /* Resources */ = {
			isa = PBXResourcesBuildPhase;
			buildActionMask = 2147483647;
			files = (
				75B732D225D2D1B40096E2C3 /* Preview Assets.xcassets in Resources */,
				75B732CF25D2D1B40096E2C3 /* Assets.xcassets in Resources */,
			);
			runOnlyForDeploymentPostprocessing = 0;
		};
		75B732DC25D2D1B50096E2C3 /* Resources */ = {
			isa = PBXResourcesBuildPhase;
			buildActionMask = 2147483647;
			files = (
			);
			runOnlyForDeploymentPostprocessing = 0;
		};
		75B732E725D2D1B50096E2C3 /* Resources */ = {
			isa = PBXResourcesBuildPhase;
			buildActionMask = 2147483647;
			files = (
			);
			runOnlyForDeploymentPostprocessing = 0;
		};
/* End PBXResourcesBuildPhase section */

/* Begin PBXSourcesBuildPhase section */
		75B732C325D2D1B00096E2C3 /* Sources */ = {
			isa = PBXSourcesBuildPhase;
			buildActionMask = 2147483647;
			files = (
				75B732D725D2D1B40096E2C3 /* CloudStickies.xcdatamodeld in Sources */,
				75B732D425D2D1B40096E2C3 /* Persistence.swift in Sources */,
				75B732CD25D2D1B00096E2C3 /* ContentView.swift in Sources */,
				75B732CB25D2D1B00096E2C3 /* CloudStickiesApp.swift in Sources */,
			);
			runOnlyForDeploymentPostprocessing = 0;
		};
		75B732DA25D2D1B50096E2C3 /* Sources */ = {
			isa = PBXSourcesBuildPhase;
			buildActionMask = 2147483647;
			files = (
				75B732E325D2D1B50096E2C3 /* CloudStickiesTests.swift in Sources */,
			);
			runOnlyForDeploymentPostprocessing = 0;
		};
		75B732E525D2D1B50096E2C3 /* Sources */ = {
			isa = PBXSourcesBuildPhase;
			buildActionMask = 2147483647;
			files = (
				75B732EE25D2D1B50096E2C3 /* CloudStickiesUITests.swift in Sources */,
			);
			runOnlyForDeploymentPostprocessing = 0;
		};
/* End PBXSourcesBuildPhase section */

/* Begin PBXTargetDependency section */
		75B732E025D2D1B50096E2C3 /* PBXTargetDependency */ = {
			isa = PBXTargetDependency;
			target = 75B732C625D2D1B00096E2C3 /* CloudStickies */;
			targetProxy = 75B732DF25D2D1B50096E2C3 /* PBXContainerItemProxy */;
		};
		75B732EB25D2D1B50096E2C3 /* PBXTargetDependency */ = {
			isa = PBXTargetDependency;
			target = 75B732C625D2D1B00096E2C3 /* CloudStickies */;
			targetProxy = 75B732EA25D2D1B50096E2C3 /* PBXContainerItemProxy */;
		};
/* End PBXTargetDependency section */

/* Begin XCBuildConfiguration section */
		75B732F025D2D1B50096E2C3 /* Debug */ = {
			isa = XCBuildConfiguration;
			buildSettings = {
				ALWAYS_SEARCH_USER_PATHS = NO;
				CLANG_ANALYZER_NONNULL = YES;
				CLANG_ANALYZER_NUMBER_OBJECT_CONVERSION = YES_AGGRESSIVE;
				CLANG_CXX_LANGUAGE_STANDARD = "gnu++14";
				CLANG_CXX_LIBRARY = "libc++";
				CLANG_ENABLE_MODULES = YES;
				CLANG_ENABLE_OBJC_ARC = YES;
				CLANG_ENABLE_OBJC_WEAK = YES;
				CLANG_WARN_BLOCK_CAPTURE_AUTORELEASING = YES;
				CLANG_WARN_BOOL_CONVERSION = YES;
				CLANG_WARN_COMMA = YES;
				CLANG_WARN_CONSTANT_CONVERSION = YES;
				CLANG_WARN_DEPRECATED_OBJC_IMPLEMENTATIONS = YES;
				CLANG_WARN_DIRECT_OBJC_ISA_USAGE = YES_ERROR;
				CLANG_WARN_DOCUMENTATION_COMMENTS = YES;
				CLANG_WARN_EMPTY_BODY = YES;
				CLANG_WARN_ENUM_CONVERSION = YES;
				CLANG_WARN_INFINITE_RECURSION = YES;
				CLANG_WARN_INT_CONVERSION = YES;
				CLANG_WARN_NON_LITERAL_NULL_CONVERSION = YES;
				CLANG_WARN_OBJC_IMPLICIT_RETAIN_SELF = YES;
				CLANG_WARN_OBJC_LITERAL_CONVERSION = YES;
				CLANG_WARN_OBJC_ROOT_CLASS = YES_ERROR;
				CLANG_WARN_QUOTED_INCLUDE_IN_FRAMEWORK_HEADER = YES;
				CLANG_WARN_RANGE_LOOP_ANALYSIS = YES;
				CLANG_WARN_STRICT_PROTOTYPES = YES;
				CLANG_WARN_SUSPICIOUS_MOVE = YES;
				CLANG_WARN_UNGUARDED_AVAILABILITY = YES_AGGRESSIVE;
				CLANG_WARN_UNREACHABLE_CODE = YES;
				CLANG_WARN__DUPLICATE_METHOD_MATCH = YES;
				COPY_PHASE_STRIP = NO;
				DEBUG_INFORMATION_FORMAT = dwarf;
				ENABLE_STRICT_OBJC_MSGSEND = YES;
				ENABLE_TESTABILITY = YES;
				GCC_C_LANGUAGE_STANDARD = gnu11;
				GCC_DYNAMIC_NO_PIC = NO;
				GCC_NO_COMMON_BLOCKS = YES;
				GCC_OPTIMIZATION_LEVEL = 0;
				GCC_PREPROCESSOR_DEFINITIONS = (
					"DEBUG=1",
					"$(inherited)",
				);
				GCC_WARN_64_TO_32_BIT_CONVERSION = YES;
				GCC_WARN_ABOUT_RETURN_TYPE = YES_ERROR;
				GCC_WARN_UNDECLARED_SELECTOR = YES;
				GCC_WARN_UNINITIALIZED_AUTOS = YES_AGGRESSIVE;
				GCC_WARN_UNUSED_FUNCTION = YES;
				GCC_WARN_UNUSED_VARIABLE = YES;
				MACOSX_DEPLOYMENT_TARGET = 11.1;
				MTL_ENABLE_DEBUG_INFO = INCLUDE_SOURCE;
				MTL_FAST_MATH = YES;
				ONLY_ACTIVE_ARCH = YES;
				SDKROOT = macosx;
				SWIFT_ACTIVE_COMPILATION_CONDITIONS = DEBUG;
				SWIFT_OPTIMIZATION_LEVEL = "-Onone";
			};
			name = Debug;
		};
		75B732F125D2D1B50096E2C3 /* Release */ = {
			isa = XCBuildConfiguration;
			buildSettings = {
				ALWAYS_SEARCH_USER_PATHS = NO;
				CLANG_ANALYZER_NONNULL = YES;
				CLANG_ANALYZER_NUMBER_OBJECT_CONVERSION = YES_AGGRESSIVE;
				CLANG_CXX_LANGUAGE_STANDARD = "gnu++14";
				CLANG_CXX_LIBRARY = "libc++";
				CLANG_ENABLE_MODULES = YES;
				CLANG_ENABLE_OBJC_ARC = YES;
				CLANG_ENABLE_OBJC_WEAK = YES;
				CLANG_WARN_BLOCK_CAPTURE_AUTORELEASING = YES;
				CLANG_WARN_BOOL_CONVERSION = YES;
				CLANG_WARN_COMMA = YES;
				CLANG_WARN_CONSTANT_CONVERSION = YES;
				CLANG_WARN_DEPRECATED_OBJC_IMPLEMENTATIONS = YES;
				CLANG_WARN_DIRECT_OBJC_ISA_USAGE = YES_ERROR;
				CLANG_WARN_DOCUMENTATION_COMMENTS = YES;
				CLANG_WARN_EMPTY_BODY = YES;
				CLANG_WARN_ENUM_CONVERSION = YES;
				CLANG_WARN_INFINITE_RECURSION = YES;
				CLANG_WARN_INT_CONVERSION = YES;
				CLANG_WARN_NON_LITERAL_NULL_CONVERSION = YES;
				CLANG_WARN_OBJC_IMPLICIT_RETAIN_SELF = YES;
				CLANG_WARN_OBJC_LITERAL_CONVERSION = YES;
				CLANG_WARN_OBJC_ROOT_CLASS = YES_ERROR;
				CLANG_WARN_QUOTED_INCLUDE_IN_FRAMEWORK_HEADER = YES;
				CLANG_WARN_RANGE_LOOP_ANALYSIS = YES;
				CLANG_WARN_STRICT_PROTOTYPES = YES;
				CLANG_WARN_SUSPICIOUS_MOVE = YES;
				CLANG_WARN_UNGUARDED_AVAILABILITY = YES_AGGRESSIVE;
				CLANG_WARN_UNREACHABLE_CODE = YES;
				CLANG_WARN__DUPLICATE_METHOD_MATCH = YES;
				COPY_PHASE_STRIP = NO;
				DEBUG_INFORMATION_FORMAT = "dwarf-with-dsym";
				ENABLE_NS_ASSERTIONS = NO;
				ENABLE_STRICT_OBJC_MSGSEND = YES;
				GCC_C_LANGUAGE_STANDARD = gnu11;
				GCC_NO_COMMON_BLOCKS = YES;
				GCC_WARN_64_TO_32_BIT_CONVERSION = YES;
				GCC_WARN_ABOUT_RETURN_TYPE = YES_ERROR;
				GCC_WARN_UNDECLARED_SELECTOR = YES;
				GCC_WARN_UNINITIALIZED_AUTOS = YES_AGGRESSIVE;
				GCC_WARN_UNUSED_FUNCTION = YES;
				GCC_WARN_UNUSED_VARIABLE = YES;
				MACOSX_DEPLOYMENT_TARGET = 11.1;
				MTL_ENABLE_DEBUG_INFO = NO;
				MTL_FAST_MATH = YES;
				SDKROOT = macosx;
				SWIFT_COMPILATION_MODE = wholemodule;
				SWIFT_OPTIMIZATION_LEVEL = "-O";
			};
			name = Release;
		};
		75B732F325D2D1B50096E2C3 /* Debug */ = {
			isa = XCBuildConfiguration;
			buildSettings = {
				ASSETCATALOG_COMPILER_APPICON_NAME = AppIcon;
				ASSETCATALOG_COMPILER_GLOBAL_ACCENT_COLOR_NAME = AccentColor;
				CODE_SIGN_ENTITLEMENTS = CloudStickies/CloudStickies.entitlements;
				CODE_SIGN_STYLE = Automatic;
				COMBINE_HIDPI_IMAGES = YES;
				DEVELOPMENT_ASSET_PATHS = "\"CloudStickies/Preview Content\"";
				DEVELOPMENT_TEAM = 3434FLKFYT;
				ENABLE_HARDENED_RUNTIME = YES;
				ENABLE_PREVIEWS = YES;
				INFOPLIST_FILE = CloudStickies/Info.plist;
				LD_RUNPATH_SEARCH_PATHS = (
					"$(inherited)",
					"@executable_path/../Frameworks",
				);
				MACOSX_DEPLOYMENT_TARGET = 11.0;
				PRODUCT_BUNDLE_IDENTIFIER = com.alexmfv.CloudStickies;
				PRODUCT_NAME = "$(TARGET_NAME)";
				SWIFT_VERSION = 5.0;
			};
			name = Debug;
		};
		75B732F425D2D1B50096E2C3 /* Release */ = {
			isa = XCBuildConfiguration;
			buildSettings = {
				ASSETCATALOG_COMPILER_APPICON_NAME = AppIcon;
				ASSETCATALOG_COMPILER_GLOBAL_ACCENT_COLOR_NAME = AccentColor;
				CODE_SIGN_ENTITLEMENTS = CloudStickies/CloudStickies.entitlements;
				CODE_SIGN_STYLE = Automatic;
				COMBINE_HIDPI_IMAGES = YES;
				DEVELOPMENT_ASSET_PATHS = "\"CloudStickies/Preview Content\"";
				DEVELOPMENT_TEAM = 3434FLKFYT;
				ENABLE_HARDENED_RUNTIME = YES;
				ENABLE_PREVIEWS = YES;
				INFOPLIST_FILE = CloudStickies/Info.plist;
				LD_RUNPATH_SEARCH_PATHS = (
					"$(inherited)",
					"@executable_path/../Frameworks",
				);
				MACOSX_DEPLOYMENT_TARGET = 11.0;
				PRODUCT_BUNDLE_IDENTIFIER = com.alexmfv.CloudStickies;
				PRODUCT_NAME = "$(TARGET_NAME)";
				SWIFT_VERSION = 5.0;
			};
			name = Release;
		};
		75B732F625D2D1B50096E2C3 /* Debug */ = {
			isa = XCBuildConfiguration;
			buildSettings = {
				ALWAYS_EMBED_SWIFT_STANDARD_LIBRARIES = YES;
				BUNDLE_LOADER = "$(TEST_HOST)";
				CODE_SIGN_STYLE = Automatic;
				COMBINE_HIDPI_IMAGES = YES;
				DEVELOPMENT_TEAM = 3434FLKFYT;
				INFOPLIST_FILE = CloudStickiesTests/Info.plist;
				LD_RUNPATH_SEARCH_PATHS = (
					"$(inherited)",
					"@executable_path/../Frameworks",
					"@loader_path/../Frameworks",
				);
				MACOSX_DEPLOYMENT_TARGET = 11.0;
				PRODUCT_BUNDLE_IDENTIFIER = com.alexmfv.CloudStickiesTests;
				PRODUCT_NAME = "$(TARGET_NAME)";
				SWIFT_VERSION = 5.0;
				TEST_HOST = "$(BUILT_PRODUCTS_DIR)/CloudStickies.app/Contents/MacOS/CloudStickies";
			};
			name = Debug;
		};
		75B732F725D2D1B50096E2C3 /* Release */ = {
			isa = XCBuildConfiguration;
			buildSettings = {
				ALWAYS_EMBED_SWIFT_STANDARD_LIBRARIES = YES;
				BUNDLE_LOADER = "$(TEST_HOST)";
				CODE_SIGN_STYLE = Automatic;
				COMBINE_HIDPI_IMAGES = YES;
				DEVELOPMENT_TEAM = 3434FLKFYT;
				INFOPLIST_FILE = CloudStickiesTests/Info.plist;
				LD_RUNPATH_SEARCH_PATHS = (
					"$(inherited)",
					"@executable_path/../Frameworks",
					"@loader_path/../Frameworks",
				);
				MACOSX_DEPLOYMENT_TARGET = 11.0;
				PRODUCT_BUNDLE_IDENTIFIER = com.alexmfv.CloudStickiesTests;
				PRODUCT_NAME = "$(TARGET_NAME)";
				SWIFT_VERSION = 5.0;
				TEST_HOST = "$(BUILT_PRODUCTS_DIR)/CloudStickies.app/Contents/MacOS/CloudStickies";
			};
			name = Release;
		};
		75B732F925D2D1B50096E2C3 /* Debug */ = {
			isa = XCBuildConfiguration;
			buildSettings = {
				ALWAYS_EMBED_SWIFT_STANDARD_LIBRARIES = YES;
				CODE_SIGN_STYLE = Automatic;
				COMBINE_HIDPI_IMAGES = YES;
				DEVELOPMENT_TEAM = 3434FLKFYT;
				INFOPLIST_FILE = CloudStickiesUITests/Info.plist;
				LD_RUNPATH_SEARCH_PATHS = (
					"$(inherited)",
					"@executable_path/../Frameworks",
					"@loader_path/../Frameworks",
				);
				PRODUCT_BUNDLE_IDENTIFIER = com.alexmfv.CloudStickiesUITests;
				PRODUCT_NAME = "$(TARGET_NAME)";
				SWIFT_VERSION = 5.0;
				TEST_TARGET_NAME = CloudStickies;
			};
			name = Debug;
		};
		75B732FA25D2D1B50096E2C3 /* Release */ = {
			isa = XCBuildConfiguration;
			buildSettings = {
				ALWAYS_EMBED_SWIFT_STANDARD_LIBRARIES = YES;
				CODE_SIGN_STYLE = Automatic;
				COMBINE_HIDPI_IMAGES = YES;
				DEVELOPMENT_TEAM = 3434FLKFYT;
				INFOPLIST_FILE = CloudStickiesUITests/Info.plist;
				LD_RUNPATH_SEARCH_PATHS = (
					"$(inherited)",
					"@executable_path/../Frameworks",
					"@loader_path/../Frameworks",
				);
				PRODUCT_BUNDLE_IDENTIFIER = com.alexmfv.CloudStickiesUITests;
				PRODUCT_NAME = "$(TARGET_NAME)";
				SWIFT_VERSION = 5.0;
				TEST_TARGET_NAME = CloudStickies;
			};
			name = Release;
		};
/* End XCBuildConfiguration section */

/* Begin XCConfigurationList section */
		75B732C225D2D1B00096E2C3 /* Build configuration list for PBXProject "CloudStickies" */ = {
			isa = XCConfigurationList;
			buildConfigurations = (
				75B732F025D2D1B50096E2C3 /* Debug */,
				75B732F125D2D1B50096E2C3 /* Release */,
			);
			defaultConfigurationIsVisible = 0;
			defaultConfigurationName = Release;
		};
		75B732F225D2D1B50096E2C3 /* Build configuration list for PBXNativeTarget "CloudStickies" */ = {
			isa = XCConfigurationList;
			buildConfigurations = (
				75B732F325D2D1B50096E2C3 /* Debug */,
				75B732F425D2D1B50096E2C3 /* Release */,
			);
			defaultConfigurationIsVisible = 0;
			defaultConfigurationName = Release;
		};
		75B732F525D2D1B50096E2C3 /* Build configuration list for PBXNativeTarget "CloudStickiesTests" */ = {
			isa = XCConfigurationList;
			buildConfigurations = (
				75B732F625D2D1B50096E2C3 /* Debug */,
				75B732F725D2D1B50096E2C3 /* Release */,
			);
			defaultConfigurationIsVisible = 0;
			defaultConfigurationName = Release;
		};
		75B732F825D2D1B50096E2C3 /* Build configuration list for PBXNativeTarget "CloudStickiesUITests" */ = {
			isa = XCConfigurationList;
			buildConfigurations = (
				75B732F925D2D1B50096E2C3 /* Debug */,
				75B732FA25D2D1B50096E2C3 /* Release */,
			);
			defaultConfigurationIsVisible = 0;
			defaultConfigurationName = Release;
		};
/* End XCConfigurationList section */

/* Begin XCVersionGroup section */
		75B732D525D2D1B40096E2C3 /* CloudStickies.xcdatamodeld */ = {
			isa = XCVersionGroup;
			children = (
				75B732D625D2D1B40096E2C3 /* CloudStickies.xcdatamodel */,
			);
			currentVersion = 75B732D625D2D1B40096E2C3 /* CloudStickies.xcdatamodel */;
			path = CloudStickies.xcdatamodeld;
			sourceTree = "<group>";
			versionGroupType = wrapper.xcdatamodel;
		};
/* End XCVersionGroup section */
	};
	rootObject = 75B732BF25D2D1B00096E2C3 /* Project object */;
}
